version: 5
environments:
  default:
    channels:
    - url: https://conda.anaconda.org/conda-forge/
    packages:
      win-64:
      - conda: https://conda.anaconda.org/conda-forge/win-64/git-2.47.0-h57928b3_0.conda
packages:
- kind: conda
  name: git
  version: 2.47.0
  build: h57928b3_0
  subdir: win-64
  url: https://conda.anaconda.org/conda-forge/win-64/git-2.47.0-h57928b3_0.conda
  sha256: 21ee8885842d12d91b79d9eb40480423c2b1472073197ddd101c758e8a7669fb
  md5: 69d4c5c9c03b7cbfc042b2a9db4963b9
  license: GPL-2.0-or-later and LGPL-2.1-or-later
  size: 122567948
  timestamp: 1728492005102
