version: 5
environments:
  default:
    channels:
    - url: https://conda.anaconda.org/conda-forge/
    packages:
      win-64:
      - conda: https://conda.anaconda.org/conda-forge/win-64/git-2.47.0-h57928b3_0.conda
      - conda: https://conda.anaconda.org/conda-forge/win-64/vs2022_win-64-19.41.34120-h72b6792_22.conda
      - conda: https://conda.anaconda.org/conda-forge/win-64/vswhere-3.1.7-h57928b3_0.conda
packages:
- kind: conda
  name: git
  version: 2.47.0
  build: h57928b3_0
  subdir: win-64
  url: https://conda.anaconda.org/conda-forge/win-64/git-2.47.0-h57928b3_0.conda
  sha256: 21ee8885842d12d91b79d9eb40480423c2b1472073197ddd101c758e8a7669fb
  md5: 69d4c5c9c03b7cbfc042b2a9db4963b9
  license: GPL-2.0-or-later and LGPL-2.1-or-later
  size: 122567948
  timestamp: 1728492005102
- kind: conda
  name: vs2022_win-64
  version: 19.41.34120
  build: h72b6792_22
  build_number: 22
  subdir: win-64
  url: https://conda.anaconda.org/conda-forge/win-64/vs2022_win-64-19.41.34120-h72b6792_22.conda
  sha256: fe957098537cc2c6e1bf22367d24e6360d50be98468cbc651c50d174c041b681
  md5: 3468ec40f54e180c1cd382e72c9a8a4b
  depends:
  - vswhere
  constrains:
  - vs_win-64 2022.11
  track_features:
  - vc14
  license: BSD-3-Clause
  license_family: BSD
  size: 20060
  timestamp: 1728401060214
- kind: conda
  name: vswhere
  version: 3.1.7
  build: h57928b3_0
  subdir: win-64
  url: https://conda.anaconda.org/conda-forge/win-64/vswhere-3.1.7-h57928b3_0.conda
  sha256: 8caeda9c0898cb8ee2cf4f45640dbbbdf772ddc01345cfb0f7b352c58b4d8025
  md5: ba83df93b48acfc528f5464c9a882baa
  license: MIT
  license_family: MIT
  size: 219013
  timestamp: 1719460515960
